
Microsoft Visual Studio Solution File, Format Version 12.00
# Visual Studio 15
VisualStudioVersion = 15.0.27004.2006
MinimumVisualStudioVersion = 10.0.40219.1
Project("{FAE04EC0-301F-11D3-BF4B-00C04F79EFBC}") = "Delegate1", "Delegate1\Delegate1.csproj", "{DCF998BF-655D-442A-A4B7-13C174B98423}"
EndProject
Global
	GlobalSection(SolutionConfigurationPlatforms) = preSolution
		Debug|Any CPU = Debug|Any CPU
		Release|Any CPU = Release|Any CPU
	EndGlobalSection
	GlobalSection(ProjectConfigurationPlatforms) = postSolution
		{DCF998BF-655D-442A-A4B7-13C174B98423}.Debug|Any CPU.ActiveCfg = Debug|Any CPU
		{DCF998BF-655D-442A-A4B7-13C174B98423}.Debug|Any CPU.Build.0 = Debug|Any CPU
		{DCF998BF-655D-442A-A4B7-13C174B98423}.Release|Any CPU.ActiveCfg = Release|Any CPU
		{DCF998BF-655D-442A-A4B7-13C174B98423}.Release|Any CPU.Build.0 = Release|Any CPU
	EndGlobalSection
	GlobalSection(SolutionProperties) = preSolution
		HideSolutionNode = FALSE
	EndGlobalSection
	GlobalSection(ExtensibilityGlobals) = postSolution
		SolutionGuid = {6BCC4F2B-03EF-4676-81BF-2B3445E78014}
	EndGlobalSection
EndGlobal
